// !$*UTF8*$!
{
	archiveVersion = 1;
	classes = {
	};
	objectVersion = 56;
	objects = {

/* Begin PBXBuildFile section */
		007CA34529B1F14800268D0D /* TaskDetailView.swift in Sources */ = {isa = PBXBuildFile; fileRef = 007CA34429B1F14800268D0D /* TaskDetailView.swift */; };
		007CA34829B610BE00268D0D /* Realm in Frameworks */ = {isa = PBXBuildFile; productRef = 007CA34729B610BE00268D0D /* Realm */; };
		007CA34A29B610BE00268D0D /* RealmSwift in Frameworks */ = {isa = PBXBuildFile; productRef = 007CA34929B610BE00268D0D /* RealmSwift */; };
		007CA34D29B6111200268D0D /* DatabaseService.swift in Sources */ = {isa = PBXBuildFile; fileRef = 007CA34C29B6111200268D0D /* DatabaseService.swift */; };
		007CA34F29B679E500268D0D /* DatabaseModels.swift in Sources */ = {isa = PBXBuildFile; fileRef = 007CA34E29B679E500268D0D /* DatabaseModels.swift */; };
		007CA35229B7554500268D0D /* ModelsDTO.swift in Sources */ = {isa = PBXBuildFile; fileRef = 007CA35129B7554500268D0D /* ModelsDTO.swift */; };
		00AD2A1729B09F44007DA5AA /* AppDelegate.swift in Sources */ = {isa = PBXBuildFile; fileRef = 00AD2A1629B09F44007DA5AA /* AppDelegate.swift */; };
		00AD2A1929B09F44007DA5AA /* SceneDelegate.swift in Sources */ = {isa = PBXBuildFile; fileRef = 00AD2A1829B09F44007DA5AA /* SceneDelegate.swift */; };
		00AD2A1B29B09F44007DA5AA /* ViewController.swift in Sources */ = {isa = PBXBuildFile; fileRef = 00AD2A1A29B09F44007DA5AA /* ViewController.swift */; };
		00AD2A1E29B09F44007DA5AA /* Main.storyboard in Resources */ = {isa = PBXBuildFile; fileRef = 00AD2A1C29B09F44007DA5AA /* Main.storyboard */; };
		00AD2A2329B09F45007DA5AA /* LaunchScreen.storyboard in Resources */ = {isa = PBXBuildFile; fileRef = 00AD2A2129B09F45007DA5AA /* LaunchScreen.storyboard */; };
		00AD2A3929B0AE06007DA5AA /* TinyConstraints in Frameworks */ = {isa = PBXBuildFile; productRef = 00AD2A3829B0AE06007DA5AA /* TinyConstraints */; };
		00AD2A4029B1E7F6007DA5AA /* Models.swift in Sources */ = {isa = PBXBuildFile; fileRef = 00AD2A3F29B1E7F6007DA5AA /* Models.swift */; };
		00AD2A4329B1E843007DA5AA /* Resources.swift in Sources */ = {isa = PBXBuildFile; fileRef = 00AD2A4229B1E843007DA5AA /* Resources.swift */; };
		00AD2A4629B1EBCF007DA5AA /* TaskDetailViewController.swift in Sources */ = {isa = PBXBuildFile; fileRef = 00AD2A4529B1EBCF007DA5AA /* TaskDetailViewController.swift */; };
		00AD2A4829B1EC19007DA5AA /* TaskDetailBuilder.swift in Sources */ = {isa = PBXBuildFile; fileRef = 00AD2A4729B1EC19007DA5AA /* TaskDetailBuilder.swift */; };
		00AD2A4A29B1EC7C007DA5AA /* TaskDetailPresenter.swift in Sources */ = {isa = PBXBuildFile; fileRef = 00AD2A4929B1EC7C007DA5AA /* TaskDetailPresenter.swift */; };
		00AD2A4C29B1ECAB007DA5AA /* TaskDetailRouter.swift in Sources */ = {isa = PBXBuildFile; fileRef = 00AD2A4B29B1ECAB007DA5AA /* TaskDetailRouter.swift */; };
		00AD8B4129B89A2200210972 /* Colors.xcassets in Resources */ = {isa = PBXBuildFile; fileRef = 00AD8B4029B89A2200210972 /* Colors.xcassets */; };
		00AD8B4829B8B2EF00210972 /* Assets.xcassets in Resources */ = {isa = PBXBuildFile; fileRef = 00AD8B4729B8B2EF00210972 /* Assets.xcassets */; };
		00AD8B7629B9D87100210972 /* GridViewController.swift in Sources */ = {isa = PBXBuildFile; fileRef = 00AD8B6E29B9D87100210972 /* GridViewController.swift */; };
		00AD8B7829B9D92D00210972 /* GridViewBuilder.swift in Sources */ = {isa = PBXBuildFile; fileRef = 00AD8B7729B9D92D00210972 /* GridViewBuilder.swift */; };
		00AD8B7A29B9D98B00210972 /* GridViewPresenter.swift in Sources */ = {isa = PBXBuildFile; fileRef = 00AD8B7929B9D98B00210972 /* GridViewPresenter.swift */; };
		00AD8B7C29B9D99B00210972 /* GridViewRouter.swift in Sources */ = {isa = PBXBuildFile; fileRef = 00AD8B7B29B9D99B00210972 /* GridViewRouter.swift */; };
		00AD8B8229B9DA2200210972 /* EmptyCellView.swift in Sources */ = {isa = PBXBuildFile; fileRef = 00AD8B8029B9DA2200210972 /* EmptyCellView.swift */; };
		00AD8B8329B9DA2200210972 /* CellView.swift in Sources */ = {isa = PBXBuildFile; fileRef = 00AD8B8129B9DA2200210972 /* CellView.swift */; };
		00AD8B8629B9DA3700210972 /* HeaderView.swift in Sources */ = {isa = PBXBuildFile; fileRef = 00AD8B8529B9DA3700210972 /* HeaderView.swift */; };
		00AD8B8929B9EBCC00210972 /* ListViewController.swift in Sources */ = {isa = PBXBuildFile; fileRef = 00AD8B8829B9EBCC00210972 /* ListViewController.swift */; };
		00AD8B8B29B9EC1000210972 /* ListViewBuilder.swift in Sources */ = {isa = PBXBuildFile; fileRef = 00AD8B8A29B9EC1000210972 /* ListViewBuilder.swift */; };
		00AD8B8D29B9EC7400210972 /* ListViewPresenter.swift in Sources */ = {isa = PBXBuildFile; fileRef = 00AD8B8C29B9EC7400210972 /* ListViewPresenter.swift */; };
		00AD8B8F29B9ECD400210972 /* ListViewRouter.swift in Sources */ = {isa = PBXBuildFile; fileRef = 00AD8B8E29B9ECD400210972 /* ListViewRouter.swift */; };
		00F509DB29BD0DDF00456EF1 /* Pictures.xcassets in Resources */ = {isa = PBXBuildFile; fileRef = 00F509DA29BD0DDF00456EF1 /* Pictures.xcassets */; };
		00F509DD29BD323200456EF1 /* DateCellView.swift in Sources */ = {isa = PBXBuildFile; fileRef = 00F509DC29BD323200456EF1 /* DateCellView.swift */; };
		00F509E029BDEB9500456EF1 /* NotificationService.swift in Sources */ = {isa = PBXBuildFile; fileRef = 00F509DF29BDEB9500456EF1 /* NotificationService.swift */; };
		00F509EB29BE453A00456EF1 /* TaskListCellView.swift in Sources */ = {isa = PBXBuildFile; fileRef = 00F509EA29BE453A00456EF1 /* TaskListCellView.swift */; };
/* End PBXBuildFile section */

/* Begin PBXFileReference section */
		007CA34429B1F14800268D0D /* TaskDetailView.swift */ = {isa = PBXFileReference; lastKnownFileType = sourcecode.swift; path = TaskDetailView.swift; sourceTree = "<group>"; };
		007CA34C29B6111200268D0D /* DatabaseService.swift */ = {isa = PBXFileReference; lastKnownFileType = sourcecode.swift; path = DatabaseService.swift; sourceTree = "<group>"; };
		007CA34E29B679E500268D0D /* DatabaseModels.swift */ = {isa = PBXFileReference; lastKnownFileType = sourcecode.swift; path = DatabaseModels.swift; sourceTree = "<group>"; };
		007CA35129B7554500268D0D /* ModelsDTO.swift */ = {isa = PBXFileReference; lastKnownFileType = sourcecode.swift; path = ModelsDTO.swift; sourceTree = "<group>"; };
		00AD2A1329B09F44007DA5AA /* TODO.app */ = {isa = PBXFileReference; explicitFileType = wrapper.application; includeInIndex = 0; path = TODO.app; sourceTree = BUILT_PRODUCTS_DIR; };
		00AD2A1629B09F44007DA5AA /* AppDelegate.swift */ = {isa = PBXFileReference; lastKnownFileType = sourcecode.swift; path = AppDelegate.swift; sourceTree = "<group>"; };
		00AD2A1829B09F44007DA5AA /* SceneDelegate.swift */ = {isa = PBXFileReference; lastKnownFileType = sourcecode.swift; path = SceneDelegate.swift; sourceTree = "<group>"; };
		00AD2A1A29B09F44007DA5AA /* ViewController.swift */ = {isa = PBXFileReference; lastKnownFileType = sourcecode.swift; path = ViewController.swift; sourceTree = "<group>"; };
		00AD2A1D29B09F44007DA5AA /* Base */ = {isa = PBXFileReference; lastKnownFileType = file.storyboard; name = Base; path = Base.lproj/Main.storyboard; sourceTree = "<group>"; };
		00AD2A2229B09F45007DA5AA /* Base */ = {isa = PBXFileReference; lastKnownFileType = file.storyboard; name = Base; path = Base.lproj/LaunchScreen.storyboard; sourceTree = "<group>"; };
		00AD2A2429B09F45007DA5AA /* Info.plist */ = {isa = PBXFileReference; lastKnownFileType = text.plist.xml; path = Info.plist; sourceTree = "<group>"; };
		00AD2A3F29B1E7F6007DA5AA /* Models.swift */ = {isa = PBXFileReference; lastKnownFileType = sourcecode.swift; path = Models.swift; sourceTree = "<group>"; };
		00AD2A4229B1E843007DA5AA /* Resources.swift */ = {isa = PBXFileReference; lastKnownFileType = sourcecode.swift; path = Resources.swift; sourceTree = "<group>"; };
		00AD2A4529B1EBCF007DA5AA /* TaskDetailViewController.swift */ = {isa = PBXFileReference; lastKnownFileType = sourcecode.swift; path = TaskDetailViewController.swift; sourceTree = "<group>"; };
		00AD2A4729B1EC19007DA5AA /* TaskDetailBuilder.swift */ = {isa = PBXFileReference; lastKnownFileType = sourcecode.swift; path = TaskDetailBuilder.swift; sourceTree = "<group>"; };
		00AD2A4929B1EC7C007DA5AA /* TaskDetailPresenter.swift */ = {isa = PBXFileReference; lastKnownFileType = sourcecode.swift; path = TaskDetailPresenter.swift; sourceTree = "<group>"; };
		00AD2A4B29B1ECAB007DA5AA /* TaskDetailRouter.swift */ = {isa = PBXFileReference; lastKnownFileType = sourcecode.swift; path = TaskDetailRouter.swift; sourceTree = "<group>"; };
		00AD8B4029B89A2200210972 /* Colors.xcassets */ = {isa = PBXFileReference; lastKnownFileType = folder.assetcatalog; path = Colors.xcassets; sourceTree = "<group>"; };
		00AD8B4729B8B2EF00210972 /* Assets.xcassets */ = {isa = PBXFileReference; lastKnownFileType = folder.assetcatalog; path = Assets.xcassets; sourceTree = "<group>"; };
		00AD8B6E29B9D87100210972 /* GridViewController.swift */ = {isa = PBXFileReference; fileEncoding = 4; lastKnownFileType = sourcecode.swift; path = GridViewController.swift; sourceTree = "<group>"; };
		00AD8B7729B9D92D00210972 /* GridViewBuilder.swift */ = {isa = PBXFileReference; fileEncoding = 4; lastKnownFileType = sourcecode.swift; path = GridViewBuilder.swift; sourceTree = "<group>"; };
		00AD8B7929B9D98B00210972 /* GridViewPresenter.swift */ = {isa = PBXFileReference; fileEncoding = 4; lastKnownFileType = sourcecode.swift; path = GridViewPresenter.swift; sourceTree = "<group>"; };
		00AD8B7B29B9D99B00210972 /* GridViewRouter.swift */ = {isa = PBXFileReference; fileEncoding = 4; lastKnownFileType = sourcecode.swift; path = GridViewRouter.swift; sourceTree = "<group>"; };
		00AD8B8029B9DA2200210972 /* EmptyCellView.swift */ = {isa = PBXFileReference; fileEncoding = 4; lastKnownFileType = sourcecode.swift; path = EmptyCellView.swift; sourceTree = "<group>"; };
		00AD8B8129B9DA2200210972 /* CellView.swift */ = {isa = PBXFileReference; fileEncoding = 4; lastKnownFileType = sourcecode.swift; path = CellView.swift; sourceTree = "<group>"; };
		00AD8B8529B9DA3700210972 /* HeaderView.swift */ = {isa = PBXFileReference; fileEncoding = 4; lastKnownFileType = sourcecode.swift; path = HeaderView.swift; sourceTree = "<group>"; };
		00AD8B8829B9EBCC00210972 /* ListViewController.swift */ = {isa = PBXFileReference; lastKnownFileType = sourcecode.swift; path = ListViewController.swift; sourceTree = "<group>"; };
		00AD8B8A29B9EC1000210972 /* ListViewBuilder.swift */ = {isa = PBXFileReference; lastKnownFileType = sourcecode.swift; path = ListViewBuilder.swift; sourceTree = "<group>"; };
		00AD8B8C29B9EC7400210972 /* ListViewPresenter.swift */ = {isa = PBXFileReference; lastKnownFileType = sourcecode.swift; path = ListViewPresenter.swift; sourceTree = "<group>"; };
		00AD8B8E29B9ECD400210972 /* ListViewRouter.swift */ = {isa = PBXFileReference; lastKnownFileType = sourcecode.swift; path = ListViewRouter.swift; sourceTree = "<group>"; };
		00F509DA29BD0DDF00456EF1 /* Pictures.xcassets */ = {isa = PBXFileReference; lastKnownFileType = folder.assetcatalog; path = Pictures.xcassets; sourceTree = "<group>"; };
		00F509DC29BD323200456EF1 /* DateCellView.swift */ = {isa = PBXFileReference; lastKnownFileType = sourcecode.swift; path = DateCellView.swift; sourceTree = "<group>"; };
		00F509DF29BDEB9500456EF1 /* NotificationService.swift */ = {isa = PBXFileReference; lastKnownFileType = sourcecode.swift; path = NotificationService.swift; sourceTree = "<group>"; };
		00F509EA29BE453A00456EF1 /* TaskListCellView.swift */ = {isa = PBXFileReference; lastKnownFileType = sourcecode.swift; path = TaskListCellView.swift; sourceTree = "<group>"; };
/* End PBXFileReference section */

/* Begin PBXFrameworksBuildPhase section */
		00AD2A1029B09F44007DA5AA /* Frameworks */ = {
			isa = PBXFrameworksBuildPhase;
			buildActionMask = 2147483647;
			files = (
				007CA34A29B610BE00268D0D /* RealmSwift in Frameworks */,
				007CA34829B610BE00268D0D /* Realm in Frameworks */,
				00AD2A3929B0AE06007DA5AA /* TinyConstraints in Frameworks */,
			);
			runOnlyForDeploymentPostprocessing = 0;
		};
/* End PBXFrameworksBuildPhase section */

/* Begin PBXGroup section */
		007CA34329B1F12C00268D0D /* Views */ = {
			isa = PBXGroup;
			children = (
				007CA34429B1F14800268D0D /* TaskDetailView.swift */,
			);
			path = Views;
			sourceTree = "<group>";
		};
		007CA34B29B610F000268D0D /* Database */ = {
			isa = PBXGroup;
			children = (
				007CA34C29B6111200268D0D /* DatabaseService.swift */,
			);
			path = Database;
			sourceTree = "<group>";
		};
		00AD2A0A29B09F44007DA5AA = {
			isa = PBXGroup;
			children = (
				00AD2A1529B09F44007DA5AA /* TODO */,
				00AD2A1429B09F44007DA5AA /* Products */,
			);
			sourceTree = "<group>";
		};
		00AD2A1429B09F44007DA5AA /* Products */ = {
			isa = PBXGroup;
			children = (
				00AD2A1329B09F44007DA5AA /* TODO.app */,
			);
			name = Products;
			sourceTree = "<group>";
		};
		00AD2A1529B09F44007DA5AA /* TODO */ = {
			isa = PBXGroup;
			children = (
				00F509DE29BDEB6300456EF1 /* NotificationService */,
				007CA34B29B610F000268D0D /* Database */,
				00AD2A4129B1E824007DA5AA /* Resources */,
				00AD2A3E29B1E7E1007DA5AA /* Models */,
				00AD2A1629B09F44007DA5AA /* AppDelegate.swift */,
				00AD2A1829B09F44007DA5AA /* SceneDelegate.swift */,
				00AD2A1A29B09F44007DA5AA /* ViewController.swift */,
				00AD2A1C29B09F44007DA5AA /* Main.storyboard */,
				00AD8B3F29B89A0B00210972 /* Assets */,
				00AD2A2129B09F45007DA5AA /* LaunchScreen.storyboard */,
				00AD2A2429B09F45007DA5AA /* Info.plist */,
				00AD2A2A29B0A471007DA5AA /* Screens */,
			);
			path = TODO;
			sourceTree = "<group>";
		};
		00AD2A2A29B0A471007DA5AA /* Screens */ = {
			isa = PBXGroup;
			children = (
				00AD8B8729B9EB7100210972 /* TasksList */,
				00AD8B7D29B9D9ED00210972 /* TasksGrid */,
				00AD2A4429B1EB76007DA5AA /* TaskDetails */,
			);
			path = Screens;
			sourceTree = "<group>";
		};
		00AD2A3E29B1E7E1007DA5AA /* Models */ = {
			isa = PBXGroup;
			children = (
				00AD2A3F29B1E7F6007DA5AA /* Models.swift */,
				007CA35129B7554500268D0D /* ModelsDTO.swift */,
				007CA34E29B679E500268D0D /* DatabaseModels.swift */,
			);
			path = Models;
			sourceTree = "<group>";
		};
		00AD2A4129B1E824007DA5AA /* Resources */ = {
			isa = PBXGroup;
			children = (
				00AD2A4229B1E843007DA5AA /* Resources.swift */,
			);
			path = Resources;
			sourceTree = "<group>";
		};
		00AD2A4429B1EB76007DA5AA /* TaskDetails */ = {
			isa = PBXGroup;
			children = (
				007CA34329B1F12C00268D0D /* Views */,
				00AD2A4729B1EC19007DA5AA /* TaskDetailBuilder.swift */,
				00AD2A4529B1EBCF007DA5AA /* TaskDetailViewController.swift */,
				00AD2A4929B1EC7C007DA5AA /* TaskDetailPresenter.swift */,
				00AD2A4B29B1ECAB007DA5AA /* TaskDetailRouter.swift */,
			);
			path = TaskDetails;
			sourceTree = "<group>";
		};
		00AD8B3F29B89A0B00210972 /* Assets */ = {
			isa = PBXGroup;
			children = (
				00AD8B4029B89A2200210972 /* Colors.xcassets */,
				00AD8B4729B8B2EF00210972 /* Assets.xcassets */,
				00F509DA29BD0DDF00456EF1 /* Pictures.xcassets */,
			);
			path = Assets;
			sourceTree = "<group>";
		};
		00AD8B7D29B9D9ED00210972 /* TasksGrid */ = {
			isa = PBXGroup;
			children = (
				00AD8B7E29B9DA0F00210972 /* Views */,
				00AD8B7729B9D92D00210972 /* GridViewBuilder.swift */,
				00AD8B6E29B9D87100210972 /* GridViewController.swift */,
				00AD8B7929B9D98B00210972 /* GridViewPresenter.swift */,
				00AD8B7B29B9D99B00210972 /* GridViewRouter.swift */,
			);
			path = TasksGrid;
			sourceTree = "<group>";
		};
		00AD8B7E29B9DA0F00210972 /* Views */ = {
			isa = PBXGroup;
			children = (
				00AD8B8429B9DA2C00210972 /* SubViews */,
				00AD8B7F29B9DA1600210972 /* CellViews */,
			);
			path = Views;
			sourceTree = "<group>";
		};
		00AD8B7F29B9DA1600210972 /* CellViews */ = {
			isa = PBXGroup;
			children = (
				00AD8B8129B9DA2200210972 /* CellView.swift */,
				00AD8B8029B9DA2200210972 /* EmptyCellView.swift */,
			);
			path = CellViews;
			sourceTree = "<group>";
		};
		00AD8B8429B9DA2C00210972 /* SubViews */ = {
			isa = PBXGroup;
			children = (
				00AD8B8529B9DA3700210972 /* HeaderView.swift */,
				00F509DC29BD323200456EF1 /* DateCellView.swift */,
			);
			path = SubViews;
			sourceTree = "<group>";
		};
		00AD8B8729B9EB7100210972 /* TasksList */ = {
			isa = PBXGroup;
			children = (
				00AD8B9029B9F21400210972 /* Views */,
				00AD8B8A29B9EC1000210972 /* ListViewBuilder.swift */,
				00AD8B8829B9EBCC00210972 /* ListViewController.swift */,
				00AD8B8C29B9EC7400210972 /* ListViewPresenter.swift */,
				00AD8B8E29B9ECD400210972 /* ListViewRouter.swift */,
			);
			path = TasksList;
			sourceTree = "<group>";
		};
		00AD8B9029B9F21400210972 /* Views */ = {
			isa = PBXGroup;
			children = (
				00AD8B9129B9F22200210972 /* CellViews */,
			);
			path = Views;
			sourceTree = "<group>";
		};
		00AD8B9129B9F22200210972 /* CellViews */ = {
			isa = PBXGroup;
			children = (
				00F509EA29BE453A00456EF1 /* TaskListCellView.swift */,
			);
			path = CellViews;
			sourceTree = "<group>";
		};
		00F509DE29BDEB6300456EF1 /* NotificationService */ = {
			isa = PBXGroup;
			children = (
				00F509DF29BDEB9500456EF1 /* NotificationService.swift */,
			);
			path = NotificationService;
			sourceTree = "<group>";
		};
/* End PBXGroup section */

/* Begin PBXNativeTarget section */
		00AD2A1229B09F44007DA5AA /* TODO */ = {
			isa = PBXNativeTarget;
			buildConfigurationList = 00AD2A2729B09F45007DA5AA /* Build configuration list for PBXNativeTarget "TODO" */;
			buildPhases = (
				00AD2A0F29B09F44007DA5AA /* Sources */,
				00AD2A1029B09F44007DA5AA /* Frameworks */,
				00AD2A1129B09F44007DA5AA /* Resources */,
			);
			buildRules = (
			);
			dependencies = (
			);
			name = TODO;
			packageProductDependencies = (
				00AD2A3829B0AE06007DA5AA /* TinyConstraints */,
				007CA34729B610BE00268D0D /* Realm */,
				007CA34929B610BE00268D0D /* RealmSwift */,
			);
			productName = TODO;
			productReference = 00AD2A1329B09F44007DA5AA /* TODO.app */;
			productType = "com.apple.product-type.application";
		};
/* End PBXNativeTarget section */

/* Begin PBXProject section */
		00AD2A0B29B09F44007DA5AA /* Project object */ = {
			isa = PBXProject;
			attributes = {
				BuildIndependentTargetsInParallel = 1;
				LastSwiftUpdateCheck = 1420;
				LastUpgradeCheck = 1420;
				TargetAttributes = {
					00AD2A1229B09F44007DA5AA = {
						CreatedOnToolsVersion = 14.2;
					};
				};
			};
			buildConfigurationList = 00AD2A0E29B09F44007DA5AA /* Build configuration list for PBXProject "TODO" */;
			compatibilityVersion = "Xcode 14.0";
			developmentRegion = en;
			hasScannedForEncodings = 0;
			knownRegions = (
				en,
				Base,
			);
			mainGroup = 00AD2A0A29B09F44007DA5AA;
			packageReferences = (
				00AD2A3729B0AE06007DA5AA /* XCRemoteSwiftPackageReference "TinyConstraints" */,
				007CA34629B610BE00268D0D /* XCRemoteSwiftPackageReference "realm-swift" */,
			);
			productRefGroup = 00AD2A1429B09F44007DA5AA /* Products */;
			projectDirPath = "";
			projectRoot = "";
			targets = (
				00AD2A1229B09F44007DA5AA /* TODO */,
			);
		};
/* End PBXProject section */

/* Begin PBXResourcesBuildPhase section */
		00AD2A1129B09F44007DA5AA /* Resources */ = {
			isa = PBXResourcesBuildPhase;
			buildActionMask = 2147483647;
			files = (
				00AD2A2329B09F45007DA5AA /* LaunchScreen.storyboard in Resources */,
				00AD8B4129B89A2200210972 /* Colors.xcassets in Resources */,
				00AD8B4829B8B2EF00210972 /* Assets.xcassets in Resources */,
				00F509DB29BD0DDF00456EF1 /* Pictures.xcassets in Resources */,
				00AD2A1E29B09F44007DA5AA /* Main.storyboard in Resources */,
			);
			runOnlyForDeploymentPostprocessing = 0;
		};
/* End PBXResourcesBuildPhase section */

/* Begin PBXSourcesBuildPhase section */
		00AD2A0F29B09F44007DA5AA /* Sources */ = {
			isa = PBXSourcesBuildPhase;
			buildActionMask = 2147483647;
			files = (
				007CA34F29B679E500268D0D /* DatabaseModels.swift in Sources */,
				007CA34D29B6111200268D0D /* DatabaseService.swift in Sources */,
				00F509E029BDEB9500456EF1 /* NotificationService.swift in Sources */,
				00AD8B8B29B9EC1000210972 /* ListViewBuilder.swift in Sources */,
				007CA34529B1F14800268D0D /* TaskDetailView.swift in Sources */,
				00AD2A1B29B09F44007DA5AA /* ViewController.swift in Sources */,
				00F509EB29BE453A00456EF1 /* TaskListCellView.swift in Sources */,
				00AD2A4029B1E7F6007DA5AA /* Models.swift in Sources */,
				00AD8B7829B9D92D00210972 /* GridViewBuilder.swift in Sources */,
				00AD8B7629B9D87100210972 /* GridViewController.swift in Sources */,
				00AD2A1729B09F44007DA5AA /* AppDelegate.swift in Sources */,
				00AD8B8229B9DA2200210972 /* EmptyCellView.swift in Sources */,
				00AD8B7A29B9D98B00210972 /* GridViewPresenter.swift in Sources */,
				00AD2A4629B1EBCF007DA5AA /* TaskDetailViewController.swift in Sources */,
				00AD2A4829B1EC19007DA5AA /* TaskDetailBuilder.swift in Sources */,
				00AD2A4329B1E843007DA5AA /* Resources.swift in Sources */,
				007CA35229B7554500268D0D /* ModelsDTO.swift in Sources */,
				00AD8B7C29B9D99B00210972 /* GridViewRouter.swift in Sources */,
				00AD8B8629B9DA3700210972 /* HeaderView.swift in Sources */,
				00AD8B8D29B9EC7400210972 /* ListViewPresenter.swift in Sources */,
				00AD2A1929B09F44007DA5AA /* SceneDelegate.swift in Sources */,
				00F509DD29BD323200456EF1 /* DateCellView.swift in Sources */,
				00AD2A4A29B1EC7C007DA5AA /* TaskDetailPresenter.swift in Sources */,
				00AD2A4C29B1ECAB007DA5AA /* TaskDetailRouter.swift in Sources */,
				00AD8B8329B9DA2200210972 /* CellView.swift in Sources */,
				00AD8B8929B9EBCC00210972 /* ListViewController.swift in Sources */,
				00AD8B8F29B9ECD400210972 /* ListViewRouter.swift in Sources */,
			);
			runOnlyForDeploymentPostprocessing = 0;
		};
/* End PBXSourcesBuildPhase section */

/* Begin PBXVariantGroup section */
		00AD2A1C29B09F44007DA5AA /* Main.storyboard */ = {
			isa = PBXVariantGroup;
			children = (
				00AD2A1D29B09F44007DA5AA /* Base */,
			);
			name = Main.storyboard;
			sourceTree = "<group>";
		};
		00AD2A2129B09F45007DA5AA /* LaunchScreen.storyboard */ = {
			isa = PBXVariantGroup;
			children = (
				00AD2A2229B09F45007DA5AA /* Base */,
			);
			name = LaunchScreen.storyboard;
			sourceTree = "<group>";
		};
/* End PBXVariantGroup section */

/* Begin XCBuildConfiguration section */
		00AD2A2529B09F45007DA5AA /* Debug */ = {
			isa = XCBuildConfiguration;
			buildSettings = {
				ALWAYS_SEARCH_USER_PATHS = NO;
				CLANG_ANALYZER_NONNULL = YES;
				CLANG_ANALYZER_NUMBER_OBJECT_CONVERSION = YES_AGGRESSIVE;
				CLANG_CXX_LANGUAGE_STANDARD = "gnu++20";
				CLANG_ENABLE_MODULES = YES;
				CLANG_ENABLE_OBJC_ARC = YES;
				CLANG_ENABLE_OBJC_WEAK = YES;
				CLANG_WARN_BLOCK_CAPTURE_AUTORELEASING = YES;
				CLANG_WARN_BOOL_CONVERSION = YES;
				CLANG_WARN_COMMA = YES;
				CLANG_WARN_CONSTANT_CONVERSION = YES;
				CLANG_WARN_DEPRECATED_OBJC_IMPLEMENTATIONS = YES;
				CLANG_WARN_DIRECT_OBJC_ISA_USAGE = YES_ERROR;
				CLANG_WARN_DOCUMENTATION_COMMENTS = YES;
				CLANG_WARN_EMPTY_BODY = YES;
				CLANG_WARN_ENUM_CONVERSION = YES;
				CLANG_WARN_INFINITE_RECURSION = YES;
				CLANG_WARN_INT_CONVERSION = YES;
				CLANG_WARN_NON_LITERAL_NULL_CONVERSION = YES;
				CLANG_WARN_OBJC_IMPLICIT_RETAIN_SELF = YES;
				CLANG_WARN_OBJC_LITERAL_CONVERSION = YES;
				CLANG_WARN_OBJC_ROOT_CLASS = YES_ERROR;
				CLANG_WARN_QUOTED_INCLUDE_IN_FRAMEWORK_HEADER = YES;
				CLANG_WARN_RANGE_LOOP_ANALYSIS = YES;
				CLANG_WARN_STRICT_PROTOTYPES = YES;
				CLANG_WARN_SUSPICIOUS_MOVE = YES;
				CLANG_WARN_UNGUARDED_AVAILABILITY = YES_AGGRESSIVE;
				CLANG_WARN_UNREACHABLE_CODE = YES;
				CLANG_WARN__DUPLICATE_METHOD_MATCH = YES;
				COPY_PHASE_STRIP = NO;
				DEBUG_INFORMATION_FORMAT = dwarf;
				ENABLE_STRICT_OBJC_MSGSEND = YES;
				ENABLE_TESTABILITY = YES;
				GCC_C_LANGUAGE_STANDARD = gnu11;
				GCC_DYNAMIC_NO_PIC = NO;
				GCC_NO_COMMON_BLOCKS = YES;
				GCC_OPTIMIZATION_LEVEL = 0;
				GCC_PREPROCESSOR_DEFINITIONS = (
					"DEBUG=1",
					"$(inherited)",
				);
				GCC_WARN_64_TO_32_BIT_CONVERSION = YES;
				GCC_WARN_ABOUT_RETURN_TYPE = YES_ERROR;
				GCC_WARN_UNDECLARED_SELECTOR = YES;
				GCC_WARN_UNINITIALIZED_AUTOS = YES_AGGRESSIVE;
				GCC_WARN_UNUSED_FUNCTION = YES;
				GCC_WARN_UNUSED_VARIABLE = YES;
				IPHONEOS_DEPLOYMENT_TARGET = 16.2;
				MTL_ENABLE_DEBUG_INFO = INCLUDE_SOURCE;
				MTL_FAST_MATH = YES;
				ONLY_ACTIVE_ARCH = YES;
				SDKROOT = iphoneos;
				SWIFT_ACTIVE_COMPILATION_CONDITIONS = DEBUG;
				SWIFT_OPTIMIZATION_LEVEL = "-Onone";
			};
			name = Debug;
		};
		00AD2A2629B09F45007DA5AA /* Release */ = {
			isa = XCBuildConfiguration;
			buildSettings = {
				ALWAYS_SEARCH_USER_PATHS = NO;
				CLANG_ANALYZER_NONNULL = YES;
				CLANG_ANALYZER_NUMBER_OBJECT_CONVERSION = YES_AGGRESSIVE;
				CLANG_CXX_LANGUAGE_STANDARD = "gnu++20";
				CLANG_ENABLE_MODULES = YES;
				CLANG_ENABLE_OBJC_ARC = YES;
				CLANG_ENABLE_OBJC_WEAK = YES;
				CLANG_WARN_BLOCK_CAPTURE_AUTORELEASING = YES;
				CLANG_WARN_BOOL_CONVERSION = YES;
				CLANG_WARN_COMMA = YES;
				CLANG_WARN_CONSTANT_CONVERSION = YES;
				CLANG_WARN_DEPRECATED_OBJC_IMPLEMENTATIONS = YES;
				CLANG_WARN_DIRECT_OBJC_ISA_USAGE = YES_ERROR;
				CLANG_WARN_DOCUMENTATION_COMMENTS = YES;
				CLANG_WARN_EMPTY_BODY = YES;
				CLANG_WARN_ENUM_CONVERSION = YES;
				CLANG_WARN_INFINITE_RECURSION = YES;
				CLANG_WARN_INT_CONVERSION = YES;
				CLANG_WARN_NON_LITERAL_NULL_CONVERSION = YES;
				CLANG_WARN_OBJC_IMPLICIT_RETAIN_SELF = YES;
				CLANG_WARN_OBJC_LITERAL_CONVERSION = YES;
				CLANG_WARN_OBJC_ROOT_CLASS = YES_ERROR;
				CLANG_WARN_QUOTED_INCLUDE_IN_FRAMEWORK_HEADER = YES;
				CLANG_WARN_RANGE_LOOP_ANALYSIS = YES;
				CLANG_WARN_STRICT_PROTOTYPES = YES;
				CLANG_WARN_SUSPICIOUS_MOVE = YES;
				CLANG_WARN_UNGUARDED_AVAILABILITY = YES_AGGRESSIVE;
				CLANG_WARN_UNREACHABLE_CODE = YES;
				CLANG_WARN__DUPLICATE_METHOD_MATCH = YES;
				COPY_PHASE_STRIP = NO;
				DEBUG_INFORMATION_FORMAT = "dwarf-with-dsym";
				ENABLE_NS_ASSERTIONS = NO;
				ENABLE_STRICT_OBJC_MSGSEND = YES;
				GCC_C_LANGUAGE_STANDARD = gnu11;
				GCC_NO_COMMON_BLOCKS = YES;
				GCC_WARN_64_TO_32_BIT_CONVERSION = YES;
				GCC_WARN_ABOUT_RETURN_TYPE = YES_ERROR;
				GCC_WARN_UNDECLARED_SELECTOR = YES;
				GCC_WARN_UNINITIALIZED_AUTOS = YES_AGGRESSIVE;
				GCC_WARN_UNUSED_FUNCTION = YES;
				GCC_WARN_UNUSED_VARIABLE = YES;
				IPHONEOS_DEPLOYMENT_TARGET = 16.2;
				MTL_ENABLE_DEBUG_INFO = NO;
				MTL_FAST_MATH = YES;
				SDKROOT = iphoneos;
				SWIFT_COMPILATION_MODE = wholemodule;
				SWIFT_OPTIMIZATION_LEVEL = "-O";
				VALIDATE_PRODUCT = YES;
			};
			name = Release;
		};
		00AD2A2829B09F45007DA5AA /* Debug */ = {
			isa = XCBuildConfiguration;
			buildSettings = {
				ASSETCATALOG_COMPILER_APPICON_NAME = AppIcon;
				ASSETCATALOG_COMPILER_GLOBAL_ACCENT_COLOR_NAME = AccentColor;
				CODE_SIGN_STYLE = Automatic;
				CURRENT_PROJECT_VERSION = 1;
				DEVELOPMENT_TEAM = 9NV2828U4Y;
				GENERATE_INFOPLIST_FILE = YES;
				INFOPLIST_FILE = TODO/Info.plist;
				INFOPLIST_KEY_UIApplicationSupportsIndirectInputEvents = YES;
				INFOPLIST_KEY_UILaunchStoryboardName = LaunchScreen;
				INFOPLIST_KEY_UIMainStoryboardFile = Main;
				INFOPLIST_KEY_UISupportedInterfaceOrientations_iPad = "UIInterfaceOrientationPortrait UIInterfaceOrientationPortraitUpsideDown UIInterfaceOrientationLandscapeLeft UIInterfaceOrientationLandscapeRight";
				INFOPLIST_KEY_UISupportedInterfaceOrientations_iPhone = "UIInterfaceOrientationPortrait UIInterfaceOrientationLandscapeLeft UIInterfaceOrientationLandscapeRight";
				LD_RUNPATH_SEARCH_PATHS = (
					"$(inherited)",
					"@executable_path/Frameworks",
				);
				MARKETING_VERSION = 1.0;
				PRODUCT_BUNDLE_IDENTIFIER = VavilovArtem.TODO;
				PRODUCT_NAME = "$(TARGET_NAME)";
				SWIFT_EMIT_LOC_STRINGS = YES;
				SWIFT_VERSION = 5.0;
				TARGETED_DEVICE_FAMILY = "1,2";
			};
			name = Debug;
		};
		00AD2A2929B09F45007DA5AA /* Release */ = {
			isa = XCBuildConfiguration;
			buildSettings = {
				ASSETCATALOG_COMPILER_APPICON_NAME = AppIcon;
				ASSETCATALOG_COMPILER_GLOBAL_ACCENT_COLOR_NAME = AccentColor;
				CODE_SIGN_STYLE = Automatic;
				CURRENT_PROJECT_VERSION = 1;
				DEVELOPMENT_TEAM = 9NV2828U4Y;
				GENERATE_INFOPLIST_FILE = YES;
				INFOPLIST_FILE = TODO/Info.plist;
				INFOPLIST_KEY_UIApplicationSupportsIndirectInputEvents = YES;
				INFOPLIST_KEY_UILaunchStoryboardName = LaunchScreen;
				INFOPLIST_KEY_UIMainStoryboardFile = Main;
				INFOPLIST_KEY_UISupportedInterfaceOrientations_iPad = "UIInterfaceOrientationPortrait UIInterfaceOrientationPortraitUpsideDown UIInterfaceOrientationLandscapeLeft UIInterfaceOrientationLandscapeRight";
				INFOPLIST_KEY_UISupportedInterfaceOrientations_iPhone = "UIInterfaceOrientationPortrait UIInterfaceOrientationLandscapeLeft UIInterfaceOrientationLandscapeRight";
				LD_RUNPATH_SEARCH_PATHS = (
					"$(inherited)",
					"@executable_path/Frameworks",
				);
				MARKETING_VERSION = 1.0;
				PRODUCT_BUNDLE_IDENTIFIER = VavilovArtem.TODO;
				PRODUCT_NAME = "$(TARGET_NAME)";
				SWIFT_EMIT_LOC_STRINGS = YES;
				SWIFT_VERSION = 5.0;
				TARGETED_DEVICE_FAMILY = "1,2";
			};
			name = Release;
		};
/* End XCBuildConfiguration section */

/* Begin XCConfigurationList section */
		00AD2A0E29B09F44007DA5AA /* Build configuration list for PBXProject "TODO" */ = {
			isa = XCConfigurationList;
			buildConfigurations = (
				00AD2A2529B09F45007DA5AA /* Debug */,
				00AD2A2629B09F45007DA5AA /* Release */,
			);
			defaultConfigurationIsVisible = 0;
			defaultConfigurationName = Release;
		};
		00AD2A2729B09F45007DA5AA /* Build configuration list for PBXNativeTarget "TODO" */ = {
			isa = XCConfigurationList;
			buildConfigurations = (
				00AD2A2829B09F45007DA5AA /* Debug */,
				00AD2A2929B09F45007DA5AA /* Release */,
			);
			defaultConfigurationIsVisible = 0;
			defaultConfigurationName = Release;
		};
/* End XCConfigurationList section */

/* Begin XCRemoteSwiftPackageReference section */
		007CA34629B610BE00268D0D /* XCRemoteSwiftPackageReference "realm-swift" */ = {
			isa = XCRemoteSwiftPackageReference;
			repositoryURL = "https://github.com/realm/realm-swift";
			requirement = {
				branch = master;
				kind = branch;
			};
		};
		00AD2A3729B0AE06007DA5AA /* XCRemoteSwiftPackageReference "TinyConstraints" */ = {
			isa = XCRemoteSwiftPackageReference;
			repositoryURL = "https://github.com/roberthein/TinyConstraints.git";
			requirement = {
				kind = upToNextMajorVersion;
				minimumVersion = 4.0.0;
			};
		};
/* End XCRemoteSwiftPackageReference section */

/* Begin XCSwiftPackageProductDependency section */
		007CA34729B610BE00268D0D /* Realm */ = {
			isa = XCSwiftPackageProductDependency;
			package = 007CA34629B610BE00268D0D /* XCRemoteSwiftPackageReference "realm-swift" */;
			productName = Realm;
		};
		007CA34929B610BE00268D0D /* RealmSwift */ = {
			isa = XCSwiftPackageProductDependency;
			package = 007CA34629B610BE00268D0D /* XCRemoteSwiftPackageReference "realm-swift" */;
			productName = RealmSwift;
		};
		00AD2A3829B0AE06007DA5AA /* TinyConstraints */ = {
			isa = XCSwiftPackageProductDependency;
			package = 00AD2A3729B0AE06007DA5AA /* XCRemoteSwiftPackageReference "TinyConstraints" */;
			productName = TinyConstraints;
		};
/* End XCSwiftPackageProductDependency section */
	};
	rootObject = 00AD2A0B29B09F44007DA5AA /* Project object */;
}
